PODS:
  - Sections (0.8.0)
  - SplitScreenScanner (9.0.0):
    - Sections
  - SwiftLint (0.34.0)

DEPENDENCIES:
  - SplitScreenScanner (from `../`)
  - SwiftLint

SPEC REPOS:
  https://github.com/CocoaPods/Specs.git:
    - Sections
    - SwiftLint

EXTERNAL SOURCES:
  SplitScreenScanner:
    :path: "../"

SPEC CHECKSUMS:
  Sections: efc268a207d0e7afba82d2a0efd6cdf61872b5d4
  SplitScreenScanner: 58a45f5a8dd856836a3db74bd66a69f08dba6a47
  SwiftLint: 79d48a17c6565dc286c37efb8322c7b450f95c67

PODFILE CHECKSUM: 01d1369c36dc202dc53785bb7042960aab3924e6

COCOAPODS: 1.8.4
