PODS:
  - Sections (0.8.0)
  - SplitScreenScanner (6.0.0):
    - Sections
  - SwiftLint (0.28.0)

DEPENDENCIES:
  - SplitScreenScanner (from `../`)
  - SwiftLint

SPEC REPOS:
  https://github.com/cocoapods/specs.git:
    - Sections
    - SwiftLint

EXTERNAL SOURCES:
  SplitScreenScanner:
    :path: "../"

SPEC CHECKSUMS:
  Sections: efc268a207d0e7afba82d2a0efd6cdf61872b5d4
  SplitScreenScanner: 893474f0577b4723c82a9ac1dfb79ac89e9ea3ff
  SwiftLint: 088cfacb75b45970017e62b7524d506776d60148

PODFILE CHECKSUM: 662fda703b72b77c2ece8658c02a5b890176b006

COCOAPODS: 1.5.3
