PODS:
  - Sections (0.8.0)
  - SplitScreenScanner (10.0.2):
    - Sections

DEPENDENCIES:
  - SplitScreenScanner (from `../..`)

SPEC REPOS:
  trunk:
    - Sections

EXTERNAL SOURCES:
  SplitScreenScanner:
    :path: "../.."

SPEC CHECKSUMS:
  Sections: efc268a207d0e7afba82d2a0efd6cdf61872b5d4
  SplitScreenScanner: 013b34ebf4af03a51e2685a7f87051c9f2cdb6b3

PODFILE CHECKSUM: a50e47e37e36a517f8de6ae75d836fb0fdfdecfd

COCOAPODS: 1.8.4
