PODS:
  - Sections (0.8.0)
  - SplitScreenScanner (10.0.0):
    - Sections

DEPENDENCIES:
  - SplitScreenScanner (from `../..`)

SPEC REPOS:
  trunk:
    - Sections

EXTERNAL SOURCES:
  SplitScreenScanner:
    :path: "../.."

SPEC CHECKSUMS:
  Sections: efc268a207d0e7afba82d2a0efd6cdf61872b5d4
  SplitScreenScanner: 863775dec411b5e4844df3a0dd652c01f128feee

PODFILE CHECKSUM: a50e47e37e36a517f8de6ae75d836fb0fdfdecfd

COCOAPODS: 1.8.4
